
Microsoft Visual Studio Solution File, Format Version 12.00
# Visual Studio Version 16
VisualStudioVersion = 16.0.31702.278
MinimumVisualStudioVersion = 10.0.40219.1
Project("{FAE04EC0-301F-11D3-BF4B-00C04F79EFBC}") = "FinalExamMVC", "FinalExamMVC\FinalExamMVC.csproj", "{B9FE4D3B-1D7A-4B77-B19E-89B20F110437}"
EndProject
Global
	GlobalSection(SolutionConfigurationPlatforms) = preSolution
		Debug|Any CPU = Debug|Any CPU
		Release|Any CPU = Release|Any CPU
	EndGlobalSection
	GlobalSection(ProjectConfigurationPlatforms) = postSolution
		{B9FE4D3B-1D7A-4B77-B19E-89B20F110437}.Debug|Any CPU.ActiveCfg = Debug|Any CPU
		{B9FE4D3B-1D7A-4B77-B19E-89B20F110437}.Debug|Any CPU.Build.0 = Debug|Any CPU
		{B9FE4D3B-1D7A-4B77-B19E-89B20F110437}.Release|Any CPU.ActiveCfg = Release|Any CPU
		{B9FE4D3B-1D7A-4B77-B19E-89B20F110437}.Release|Any CPU.Build.0 = Release|Any CPU
	EndGlobalSection
	GlobalSection(SolutionProperties) = preSolution
		HideSolutionNode = FALSE
	EndGlobalSection
	GlobalSection(ExtensibilityGlobals) = postSolution
		SolutionGuid = {4516ECF4-8D65-4D52-BCD2-871BF9986A30}
	EndGlobalSection
EndGlobal
